// !$*UTF8*$!
{
	archiveVersion = 1;
	classes = {
	};
	objectVersion = 46;
	objects = {

/* Begin PBXBuildFile section */
		5C06EA2D1D2DB42700CBD365 /* AppDelegate.swift in Sources */ = {isa = PBXBuildFile; fileRef = 5C06EA2C1D2DB42700CBD365 /* AppDelegate.swift */; };
		5C06EA2F1D2DB42700CBD365 /* ViewController.swift in Sources */ = {isa = PBXBuildFile; fileRef = 5C06EA2E1D2DB42700CBD365 /* ViewController.swift */; };
		5C06EA321D2DB42700CBD365 /* Main.storyboard in Resources */ = {isa = PBXBuildFile; fileRef = 5C06EA301D2DB42700CBD365 /* Main.storyboard */; };
		5C06EA341D2DB42700CBD365 /* Assets.xcassets in Resources */ = {isa = PBXBuildFile; fileRef = 5C06EA331D2DB42700CBD365 /* Assets.xcassets */; };
		5C06EA371D2DB42800CBD365 /* LaunchScreen.storyboard in Resources */ = {isa = PBXBuildFile; fileRef = 5C06EA351D2DB42800CBD365 /* LaunchScreen.storyboard */; };
		5C06EA3F1D2DB7FA00CBD365 /* Character.swift in Sources */ = {isa = PBXBuildFile; fileRef = 5C06EA3E1D2DB7FA00CBD365 /* Character.swift */; };
		5C06EA411D2DBF7800CBD365 /* Player.swift in Sources */ = {isa = PBXBuildFile; fileRef = 5C06EA401D2DBF7800CBD365 /* Player.swift */; };
		5C06EA431D2DD16700CBD365 /* Enemy.swift in Sources */ = {isa = PBXBuildFile; fileRef = 5C06EA421D2DD16700CBD365 /* Enemy.swift */; };
		5CD455421D2EACFF008FD94E /* Kimara.swift in Sources */ = {isa = PBXBuildFile; fileRef = 5CD455411D2EACFF008FD94E /* Kimara.swift */; };
		5CD455441D2EB02E008FD94E /* DevilWizard.swift in Sources */ = {isa = PBXBuildFile; fileRef = 5CD455431D2EB02E008FD94E /* DevilWizard.swift */; };
/* End PBXBuildFile section */

/* Begin PBXFileReference section */
		5C06EA291D2DB42700CBD365 /* RPG OOP.app */ = {isa = PBXFileReference; explicitFileType = wrapper.application; includeInIndex = 0; path = "RPG OOP.app"; sourceTree = BUILT_PRODUCTS_DIR; };
		5C06EA2C1D2DB42700CBD365 /* AppDelegate.swift */ = {isa = PBXFileReference; lastKnownFileType = sourcecode.swift; path = AppDelegate.swift; sourceTree = "<group>"; };
		5C06EA2E1D2DB42700CBD365 /* ViewController.swift */ = {isa = PBXFileReference; lastKnownFileType = sourcecode.swift; path = ViewController.swift; sourceTree = "<group>"; };
		5C06EA311D2DB42700CBD365 /* Base */ = {isa = PBXFileReference; lastKnownFileType = file.storyboard; name = Base; path = Base.lproj/Main.storyboard; sourceTree = "<group>"; };
		5C06EA331D2DB42700CBD365 /* Assets.xcassets */ = {isa = PBXFileReference; lastKnownFileType = folder.assetcatalog; path = Assets.xcassets; sourceTree = "<group>"; };
		5C06EA361D2DB42800CBD365 /* Base */ = {isa = PBXFileReference; lastKnownFileType = file.storyboard; name = Base; path = Base.lproj/LaunchScreen.storyboard; sourceTree = "<group>"; };
		5C06EA381D2DB42800CBD365 /* Info.plist */ = {isa = PBXFileReference; lastKnownFileType = text.plist.xml; path = Info.plist; sourceTree = "<group>"; };
		5C06EA3E1D2DB7FA00CBD365 /* Character.swift */ = {isa = PBXFileReference; fileEncoding = 4; lastKnownFileType = sourcecode.swift; path = Character.swift; sourceTree = "<group>"; };
		5C06EA401D2DBF7800CBD365 /* Player.swift */ = {isa = PBXFileReference; fileEncoding = 4; lastKnownFileType = sourcecode.swift; path = Player.swift; sourceTree = "<group>"; };
		5C06EA421D2DD16700CBD365 /* Enemy.swift */ = {isa = PBXFileReference; fileEncoding = 4; lastKnownFileType = sourcecode.swift; path = Enemy.swift; sourceTree = "<group>"; };
		5CD455411D2EACFF008FD94E /* Kimara.swift */ = {isa = PBXFileReference; fileEncoding = 4; lastKnownFileType = sourcecode.swift; path = Kimara.swift; sourceTree = "<group>"; };
		5CD455431D2EB02E008FD94E /* DevilWizard.swift */ = {isa = PBXFileReference; fileEncoding = 4; lastKnownFileType = sourcecode.swift; path = DevilWizard.swift; sourceTree = "<group>"; };
/* End PBXFileReference section */

/* Begin PBXFrameworksBuildPhase section */
		5C06EA261D2DB42700CBD365 /* Frameworks */ = {
			isa = PBXFrameworksBuildPhase;
			buildActionMask = 2147483647;
			files = (
			);
			runOnlyForDeploymentPostprocessing = 0;
		};
/* End PBXFrameworksBuildPhase section */

/* Begin PBXGroup section */
		5C06EA201D2DB42700CBD365 = {
			isa = PBXGroup;
			children = (
				5C06EA2B1D2DB42700CBD365 /* RPG OOP */,
				5C06EA2A1D2DB42700CBD365 /* Products */,
			);
			sourceTree = "<group>";
		};
		5C06EA2A1D2DB42700CBD365 /* Products */ = {
			isa = PBXGroup;
			children = (
				5C06EA291D2DB42700CBD365 /* RPG OOP.app */,
			);
			name = Products;
			sourceTree = "<group>";
		};
		5C06EA2B1D2DB42700CBD365 /* RPG OOP */ = {
			isa = PBXGroup;
			children = (
				5C06EA2C1D2DB42700CBD365 /* AppDelegate.swift */,
				5C06EA2E1D2DB42700CBD365 /* ViewController.swift */,
				5C06EA3E1D2DB7FA00CBD365 /* Character.swift */,
				5C06EA401D2DBF7800CBD365 /* Player.swift */,
				5C06EA301D2DB42700CBD365 /* Main.storyboard */,
				5C06EA331D2DB42700CBD365 /* Assets.xcassets */,
				5C06EA351D2DB42800CBD365 /* LaunchScreen.storyboard */,
				5C06EA381D2DB42800CBD365 /* Info.plist */,
				5C06EA421D2DD16700CBD365 /* Enemy.swift */,
				5CD455411D2EACFF008FD94E /* Kimara.swift */,
				5CD455431D2EB02E008FD94E /* DevilWizard.swift */,
			);
			path = "RPG OOP";
			sourceTree = "<group>";
		};
/* End PBXGroup section */

/* Begin PBXNativeTarget section */
		5C06EA281D2DB42700CBD365 /* RPG OOP */ = {
			isa = PBXNativeTarget;
			buildConfigurationList = 5C06EA3B1D2DB42800CBD365 /* Build configuration list for PBXNativeTarget "RPG OOP" */;
			buildPhases = (
				5C06EA251D2DB42700CBD365 /* Sources */,
				5C06EA261D2DB42700CBD365 /* Frameworks */,
				5C06EA271D2DB42700CBD365 /* Resources */,
			);
			buildRules = (
			);
			dependencies = (
			);
			name = "RPG OOP";
			productName = "RPG OOP";
			productReference = 5C06EA291D2DB42700CBD365 /* RPG OOP.app */;
			productType = "com.apple.product-type.application";
		};
/* End PBXNativeTarget section */

/* Begin PBXProject section */
		5C06EA211D2DB42700CBD365 /* Project object */ = {
			isa = PBXProject;
			attributes = {
				LastSwiftUpdateCheck = 0730;
				LastUpgradeCheck = 0730;
				ORGANIZATIONNAME = Sibrian;
				TargetAttributes = {
					5C06EA281D2DB42700CBD365 = {
						CreatedOnToolsVersion = 7.3.1;
						DevelopmentTeam = PJ82DV53L8;
					};
				};
			};
			buildConfigurationList = 5C06EA241D2DB42700CBD365 /* Build configuration list for PBXProject "RPG OOP" */;
			compatibilityVersion = "Xcode 3.2";
			developmentRegion = English;
			hasScannedForEncodings = 0;
			knownRegions = (
				en,
				Base,
			);
			mainGroup = 5C06EA201D2DB42700CBD365;
			productRefGroup = 5C06EA2A1D2DB42700CBD365 /* Products */;
			projectDirPath = "";
			projectRoot = "";
			targets = (
				5C06EA281D2DB42700CBD365 /* RPG OOP */,
			);
		};
/* End PBXProject section */

/* Begin PBXResourcesBuildPhase section */
		5C06EA271D2DB42700CBD365 /* Resources */ = {
			isa = PBXResourcesBuildPhase;
			buildActionMask = 2147483647;
			files = (
				5C06EA371D2DB42800CBD365 /* LaunchScreen.storyboard in Resources */,
				5C06EA341D2DB42700CBD365 /* Assets.xcassets in Resources */,
				5C06EA321D2DB42700CBD365 /* Main.storyboard in Resources */,
			);
			runOnlyForDeploymentPostprocessing = 0;
		};
/* End PBXResourcesBuildPhase section */

/* Begin PBXSourcesBuildPhase section */
		5C06EA251D2DB42700CBD365 /* Sources */ = {
			isa = PBXSourcesBuildPhase;
			buildActionMask = 2147483647;
			files = (
				5C06EA411D2DBF7800CBD365 /* Player.swift in Sources */,
				5C06EA431D2DD16700CBD365 /* Enemy.swift in Sources */,
				5CD455441D2EB02E008FD94E /* DevilWizard.swift in Sources */,
				5CD455421D2EACFF008FD94E /* Kimara.swift in Sources */,
				5C06EA3F1D2DB7FA00CBD365 /* Character.swift in Sources */,
				5C06EA2F1D2DB42700CBD365 /* ViewController.swift in Sources */,
				5C06EA2D1D2DB42700CBD365 /* AppDelegate.swift in Sources */,
			);
			runOnlyForDeploymentPostprocessing = 0;
		};
/* End PBXSourcesBuildPhase section */

/* Begin PBXVariantGroup section */
		5C06EA301D2DB42700CBD365 /* Main.storyboard */ = {
			isa = PBXVariantGroup;
			children = (
				5C06EA311D2DB42700CBD365 /* Base */,
			);
			name = Main.storyboard;
			sourceTree = "<group>";
		};
		5C06EA351D2DB42800CBD365 /* LaunchScreen.storyboard */ = {
			isa = PBXVariantGroup;
			children = (
				5C06EA361D2DB42800CBD365 /* Base */,
			);
			name = LaunchScreen.storyboard;
			sourceTree = "<group>";
		};
/* End PBXVariantGroup section */

/* Begin XCBuildConfiguration section */
		5C06EA391D2DB42800CBD365 /* Debug */ = {
			isa = XCBuildConfiguration;
			buildSettings = {
				ALWAYS_SEARCH_USER_PATHS = NO;
				CLANG_ANALYZER_NONNULL = YES;
				CLANG_CXX_LANGUAGE_STANDARD = "gnu++0x";
				CLANG_CXX_LIBRARY = "libc++";
				CLANG_ENABLE_MODULES = YES;
				CLANG_ENABLE_OBJC_ARC = YES;
				CLANG_WARN_BOOL_CONVERSION = YES;
				CLANG_WARN_CONSTANT_CONVERSION = YES;
				CLANG_WARN_DIRECT_OBJC_ISA_USAGE = YES_ERROR;
				CLANG_WARN_EMPTY_BODY = YES;
				CLANG_WARN_ENUM_CONVERSION = YES;
				CLANG_WARN_INT_CONVERSION = YES;
				CLANG_WARN_OBJC_ROOT_CLASS = YES_ERROR;
				CLANG_WARN_UNREACHABLE_CODE = YES;
				CLANG_WARN__DUPLICATE_METHOD_MATCH = YES;
				"CODE_SIGN_IDENTITY[sdk=iphoneos*]" = "iPhone Developer";
				COPY_PHASE_STRIP = NO;
				DEBUG_INFORMATION_FORMAT = dwarf;
				ENABLE_STRICT_OBJC_MSGSEND = YES;
				ENABLE_TESTABILITY = YES;
				GCC_C_LANGUAGE_STANDARD = gnu99;
				GCC_DYNAMIC_NO_PIC = NO;
				GCC_NO_COMMON_BLOCKS = YES;
				GCC_OPTIMIZATION_LEVEL = 0;
				GCC_PREPROCESSOR_DEFINITIONS = (
					"DEBUG=1",
					"$(inherited)",
				);
				GCC_WARN_64_TO_32_BIT_CONVERSION = YES;
				GCC_WARN_ABOUT_RETURN_TYPE = YES_ERROR;
				GCC_WARN_UNDECLARED_SELECTOR = YES;
				GCC_WARN_UNINITIALIZED_AUTOS = YES_AGGRESSIVE;
				GCC_WARN_UNUSED_FUNCTION = YES;
				GCC_WARN_UNUSED_VARIABLE = YES;
				IPHONEOS_DEPLOYMENT_TARGET = 9.3;
				MTL_ENABLE_DEBUG_INFO = YES;
				ONLY_ACTIVE_ARCH = YES;
				SDKROOT = iphoneos;
				SWIFT_OPTIMIZATION_LEVEL = "-Onone";
				TARGETED_DEVICE_FAMILY = "1,2";
			};
			name = Debug;
		};
		5C06EA3A1D2DB42800CBD365 /* Release */ = {
			isa = XCBuildConfiguration;
			buildSettings = {
				ALWAYS_SEARCH_USER_PATHS = NO;
				CLANG_ANALYZER_NONNULL = YES;
				CLANG_CXX_LANGUAGE_STANDARD = "gnu++0x";
				CLANG_CXX_LIBRARY = "libc++";
				CLANG_ENABLE_MODULES = YES;
				CLANG_ENABLE_OBJC_ARC = YES;
				CLANG_WARN_BOOL_CONVERSION = YES;
				CLANG_WARN_CONSTANT_CONVERSION = YES;
				CLANG_WARN_DIRECT_OBJC_ISA_USAGE = YES_ERROR;
				CLANG_WARN_EMPTY_BODY = YES;
				CLANG_WARN_ENUM_CONVERSION = YES;
				CLANG_WARN_INT_CONVERSION = YES;
				CLANG_WARN_OBJC_ROOT_CLASS = YES_ERROR;
				CLANG_WARN_UNREACHABLE_CODE = YES;
				CLANG_WARN__DUPLICATE_METHOD_MATCH = YES;
				"CODE_SIGN_IDENTITY[sdk=iphoneos*]" = "iPhone Developer";
				COPY_PHASE_STRIP = NO;
				DEBUG_INFORMATION_FORMAT = "dwarf-with-dsym";
				ENABLE_NS_ASSERTIONS = NO;
				ENABLE_STRICT_OBJC_MSGSEND = YES;
				GCC_C_LANGUAGE_STANDARD = gnu99;
				GCC_NO_COMMON_BLOCKS = YES;
				GCC_WARN_64_TO_32_BIT_CONVERSION = YES;
				GCC_WARN_ABOUT_RETURN_TYPE = YES_ERROR;
				GCC_WARN_UNDECLARED_SELECTOR = YES;
				GCC_WARN_UNINITIALIZED_AUTOS = YES_AGGRESSIVE;
				GCC_WARN_UNUSED_FUNCTION = YES;
				GCC_WARN_UNUSED_VARIABLE = YES;
				IPHONEOS_DEPLOYMENT_TARGET = 9.3;
				MTL_ENABLE_DEBUG_INFO = NO;
				SDKROOT = iphoneos;
				TARGETED_DEVICE_FAMILY = "1,2";
				VALIDATE_PRODUCT = YES;
			};
			name = Release;
		};
		5C06EA3C1D2DB42800CBD365 /* Debug */ = {
			isa = XCBuildConfiguration;
			buildSettings = {
				ASSETCATALOG_COMPILER_APPICON_NAME = AppIcon;
				INFOPLIST_FILE = "RPG OOP/Info.plist";
				LD_RUNPATH_SEARCH_PATHS = "$(inherited) @executable_path/Frameworks";
				PRODUCT_BUNDLE_IDENTIFIER = "com.majisy.RPG-OOP";
				PRODUCT_NAME = "$(TARGET_NAME)";
			};
			name = Debug;
		};
		5C06EA3D1D2DB42800CBD365 /* Release */ = {
			isa = XCBuildConfiguration;
			buildSettings = {
				ASSETCATALOG_COMPILER_APPICON_NAME = AppIcon;
				INFOPLIST_FILE = "RPG OOP/Info.plist";
				LD_RUNPATH_SEARCH_PATHS = "$(inherited) @executable_path/Frameworks";
				PRODUCT_BUNDLE_IDENTIFIER = "com.majisy.RPG-OOP";
				PRODUCT_NAME = "$(TARGET_NAME)";
			};
			name = Release;
		};
/* End XCBuildConfiguration section */

/* Begin XCConfigurationList section */
		5C06EA241D2DB42700CBD365 /* Build configuration list for PBXProject "RPG OOP" */ = {
			isa = XCConfigurationList;
			buildConfigurations = (
				5C06EA391D2DB42800CBD365 /* Debug */,
				5C06EA3A1D2DB42800CBD365 /* Release */,
			);
			defaultConfigurationIsVisible = 0;
			defaultConfigurationName = Release;
		};
		5C06EA3B1D2DB42800CBD365 /* Build configuration list for PBXNativeTarget "RPG OOP" */ = {
			isa = XCConfigurationList;
			buildConfigurations = (
				5C06EA3C1D2DB42800CBD365 /* Debug */,
				5C06EA3D1D2DB42800CBD365 /* Release */,
			);
			defaultConfigurationIsVisible = 0;
			defaultConfigurationName = Release;
		};
/* End XCConfigurationList section */
	};
	rootObject = 5C06EA211D2DB42700CBD365 /* Project object */;
}
